
Microsoft Visual Studio Solution File, Format Version 12.00
# Visual Studio 15
VisualStudioVersion = 15.0.27703.2026
MinimumVisualStudioVersion = 10.0.40219.1
Project("{9A19103F-16F7-4668-BE54-9A1E7A4F7556}") = "PrimePenguin.TictailSharp", "PrimePenguin.TictailSharp\PrimePenguin.TictailSharp.csproj", "{ECAF9D2E-2BAF-4084-9A43-811AF96E1B49}"
EndProject
Global
	GlobalSection(SolutionConfigurationPlatforms) = preSolution
		Debug|Any CPU = Debug|Any CPU
		Release|Any CPU = Release|Any CPU
	EndGlobalSection
	GlobalSection(ProjectConfigurationPlatforms) = postSolution
		{ECAF9D2E-2BAF-4084-9A43-811AF96E1B49}.Debug|Any CPU.ActiveCfg = Debug|Any CPU
		{ECAF9D2E-2BAF-4084-9A43-811AF96E1B49}.Debug|Any CPU.Build.0 = Debug|Any CPU
		{ECAF9D2E-2BAF-4084-9A43-811AF96E1B49}.Release|Any CPU.ActiveCfg = Release|Any CPU
		{ECAF9D2E-2BAF-4084-9A43-811AF96E1B49}.Release|Any CPU.Build.0 = Release|Any CPU
	EndGlobalSection
	GlobalSection(SolutionProperties) = preSolution
		HideSolutionNode = FALSE
	EndGlobalSection
	GlobalSection(ExtensibilityGlobals) = postSolution
		SolutionGuid = {DDD9850F-D730-4FD7-A70D-774DBBF8E9F4}
	EndGlobalSection
EndGlobal
